
Microsoft Visual Studio Solution File, Format Version 12.00
# Visual Studio 15
VisualStudioVersion = 15.0.28307.168
MinimumVisualStudioVersion = 10.0.40219.1
Project("{9A19103F-16F7-4668-BE54-9A1E7A4F7556}") = "Casino", "Casino\Casino.csproj", "{D1C9ED30-0C3F-451F-9DA4-29B55F8AB164}"
EndProject
Project("{9A19103F-16F7-4668-BE54-9A1E7A4F7556}") = "Tests", "Tests\Tests.csproj", "{0DF38FBA-3935-4FA1-9319-26A3229576F7}"
EndProject
Project("{2150E333-8FDC-42A3-9474-1A3956D46DE8}") = "Resources", "Resources", "{1154378D-6C73-4491-A371-C962B9ECA372}"
	ProjectSection(SolutionItems) = preProject
		..\..\..\..\Users\Harani\Desktop\Architecture.JPG = ..\..\..\..\Users\Harani\Desktop\Architecture.JPG
		Database_Scripts.txt = Database_Scripts.txt
	EndProjectSection
EndProject
Global
	GlobalSection(SolutionConfigurationPlatforms) = preSolution
		Debug|Any CPU = Debug|Any CPU
		Release|Any CPU = Release|Any CPU
	EndGlobalSection
	GlobalSection(ProjectConfigurationPlatforms) = postSolution
		{D1C9ED30-0C3F-451F-9DA4-29B55F8AB164}.Debug|Any CPU.ActiveCfg = Debug|Any CPU
		{D1C9ED30-0C3F-451F-9DA4-29B55F8AB164}.Debug|Any CPU.Build.0 = Debug|Any CPU
		{D1C9ED30-0C3F-451F-9DA4-29B55F8AB164}.Release|Any CPU.ActiveCfg = Release|Any CPU
		{D1C9ED30-0C3F-451F-9DA4-29B55F8AB164}.Release|Any CPU.Build.0 = Release|Any CPU
		{0DF38FBA-3935-4FA1-9319-26A3229576F7}.Debug|Any CPU.ActiveCfg = Debug|Any CPU
		{0DF38FBA-3935-4FA1-9319-26A3229576F7}.Debug|Any CPU.Build.0 = Debug|Any CPU
		{0DF38FBA-3935-4FA1-9319-26A3229576F7}.Release|Any CPU.ActiveCfg = Release|Any CPU
		{0DF38FBA-3935-4FA1-9319-26A3229576F7}.Release|Any CPU.Build.0 = Release|Any CPU
	EndGlobalSection
	GlobalSection(SolutionProperties) = preSolution
		HideSolutionNode = FALSE
	EndGlobalSection
	GlobalSection(ExtensibilityGlobals) = postSolution
		SolutionGuid = {B1B342F6-A41A-4249-B8BA-97B0043C5D73}
	EndGlobalSection
EndGlobal
